// !$*UTF8*$!
{
	archiveVersion = 1;
	classes = {
	};
	objectVersion = 50;
	objects = {

/* Begin PBXBuildFile section */
		B28C1846241E6B7800D1EA3E /* IntentsUI.framework in Frameworks */ = {isa = PBXBuildFile; fileRef = B2D3A7C424152DF200DCB7FA /* IntentsUI.framework */; };
		B28C1848241E6B7800D1EA3E /* Intents.framework in Frameworks */ = {isa = PBXBuildFile; fileRef = B28C1847241E6B7800D1EA3E /* Intents.framework */; };
		B29CD55224153AE200435990 /* WeatherViewController.swift in Sources */ = {isa = PBXBuildFile; fileRef = B29CD55024153AE200435990 /* WeatherViewController.swift */; };
		B29CD55324153AE200435990 /* CityTableViewController.swift in Sources */ = {isa = PBXBuildFile; fileRef = B29CD55124153AE200435990 /* CityTableViewController.swift */; };
		B2D3A67C24151FC800DCB7FA /* SceneDelegate.swift in Sources */ = {isa = PBXBuildFile; fileRef = B2D3A67B24151FC800DCB7FA /* SceneDelegate.swift */; };
		B2D3A67E24151FC800DCB7FA /* ViewController.swift in Sources */ = {isa = PBXBuildFile; fileRef = B2D3A67D24151FC800DCB7FA /* ViewController.swift */; };
		B2D3A68324151FCB00DCB7FA /* Assets.xcassets in Resources */ = {isa = PBXBuildFile; fileRef = B2D3A68224151FCB00DCB7FA /* Assets.xcassets */; };
		B2D3A7922415266600DCB7FA /* WeatherKit.h in Headers */ = {isa = PBXBuildFile; fileRef = B2D3A7822415266600DCB7FA /* WeatherKit.h */; settings = {ATTRIBUTES = (Public, ); }; };
		B2D3A7952415266600DCB7FA /* WeatherKit.framework in Frameworks */ = {isa = PBXBuildFile; fileRef = B2D3A7802415266600DCB7FA /* WeatherKit.framework */; };
		B2D3A7962415266600DCB7FA /* WeatherKit.framework in Embed Frameworks */ = {isa = PBXBuildFile; fileRef = B2D3A7802415266600DCB7FA /* WeatherKit.framework */; settings = {ATTRIBUTES = (CodeSignOnCopy, RemoveHeadersOnCopy, ); }; };
		B2D3A79F2415268000DCB7FA /* LocWeather.swift in Sources */ = {isa = PBXBuildFile; fileRef = B2D3A79E2415268000DCB7FA /* LocWeather.swift */; };
		B2D3A7A42415268700DCB7FA /* DHURLSessionMock.swift in Sources */ = {isa = PBXBuildFile; fileRef = B2D3A7A12415268700DCB7FA /* DHURLSessionMock.swift */; };
		B2D3A7A52415268700DCB7FA /* APIManager.swift in Sources */ = {isa = PBXBuildFile; fileRef = B2D3A7A22415268700DCB7FA /* APIManager.swift */; };
		B2D3A7A62415268700DCB7FA /* WeatherManager.swift in Sources */ = {isa = PBXBuildFile; fileRef = B2D3A7A32415268700DCB7FA /* WeatherManager.swift */; };
		B2D3A7AA2415269000DCB7FA /* Constants.swift in Sources */ = {isa = PBXBuildFile; fileRef = B2D3A7A82415269000DCB7FA /* Constants.swift */; };
		B2D3A7AB2415269000DCB7FA /* APIKeys.swift in Sources */ = {isa = PBXBuildFile; fileRef = B2D3A7A92415269000DCB7FA /* APIKeys.swift */; };
		B2D3A7BD24152DF200DCB7FA /* IntentHandler.swift in Sources */ = {isa = PBXBuildFile; fileRef = B2D3A7BC24152DF200DCB7FA /* IntentHandler.swift */; };
		B2D3A7D224152DF200DCB7FA /* CityWeatherIntent.appex in Embed App Extensions */ = {isa = PBXBuildFile; fileRef = B2D3A7BA24152DF200DCB7FA /* CityWeatherIntent.appex */; settings = {ATTRIBUTES = (RemoveHeadersOnCopy, ); }; };
		B2D3A7DA24152E0B00DCB7FA /* WeatherKit.framework in Frameworks */ = {isa = PBXBuildFile; fileRef = B2D3A7802415266600DCB7FA /* WeatherKit.framework */; };
		B2D3A7DB24152E0B00DCB7FA /* WeatherKit.framework in Embed Frameworks */ = {isa = PBXBuildFile; fileRef = B2D3A7802415266600DCB7FA /* WeatherKit.framework */; settings = {ATTRIBUTES = (CodeSignOnCopy, RemoveHeadersOnCopy, ); }; };
		B2D3A7EB2415326200DCB7FA /* CityWeatherIntentHandler.swift in Sources */ = {isa = PBXBuildFile; fileRef = B2D3A7EA2415326200DCB7FA /* CityWeatherIntentHandler.swift */; };
		B2D3A7EE2415334800DCB7FA /* Default-568h@2x.png in Resources */ = {isa = PBXBuildFile; fileRef = B2D3A7ED2415334800DCB7FA /* Default-568h@2x.png */; };
		B2DF527D241E76D200D9BEA3 /* Intents.intentdefinition in Sources */ = {isa = PBXBuildFile; fileRef = B2DF527A241E76D100D9BEA3 /* Intents.intentdefinition */; };
		B2DF5290241E787C00D9BEA3 /* LaunchScreen.storyboard in Resources */ = {isa = PBXBuildFile; fileRef = B2DF5287241E76FF00D9BEA3 /* LaunchScreen.storyboard */; };
		B2DF5291241E787C00D9BEA3 /* Main.storyboard in Resources */ = {isa = PBXBuildFile; fileRef = B2DF5289241E76FF00D9BEA3 /* Main.storyboard */; };
		B2DF5292241E789C00D9BEA3 /* Intents.intentdefinition in Sources */ = {isa = PBXBuildFile; fileRef = B2DF527A241E76D100D9BEA3 /* Intents.intentdefinition */; };
		B2DF5293241E789C00D9BEA3 /* Intents.intentdefinition in Sources */ = {isa = PBXBuildFile; fileRef = B2DF527A241E76D100D9BEA3 /* Intents.intentdefinition */; };
		B2DF5295241E78F700D9BEA3 /* AppDelegate.swift in Sources */ = {isa = PBXBuildFile; fileRef = B2DF5294241E78F600D9BEA3 /* AppDelegate.swift */; };
/* End PBXBuildFile section */

/* Begin PBXContainerItemProxy section */
		B2D3A7932415266600DCB7FA /* PBXContainerItemProxy */ = {
			isa = PBXContainerItemProxy;
			containerPortal = B2D3A66E24151FC800DCB7FA /* Project object */;
			proxyType = 1;
			remoteGlobalIDString = B2D3A77F2415266600DCB7FA;
			remoteInfo = WeatherKit;
		};
		B2D3A7D024152DF200DCB7FA /* PBXContainerItemProxy */ = {
			isa = PBXContainerItemProxy;
			containerPortal = B2D3A66E24151FC800DCB7FA /* Project object */;
			proxyType = 1;
			remoteGlobalIDString = B2D3A7B924152DF200DCB7FA;
			remoteInfo = CityWeatherIntent;
		};
		B2D3A7DC24152E0B00DCB7FA /* PBXContainerItemProxy */ = {
			isa = PBXContainerItemProxy;
			containerPortal = B2D3A66E24151FC800DCB7FA /* Project object */;
			proxyType = 1;
			remoteGlobalIDString = B2D3A77F2415266600DCB7FA;
			remoteInfo = WeatherKit;
		};
/* End PBXContainerItemProxy section */

/* Begin PBXCopyFilesBuildPhase section */
		B2D3A6E9241521DD00DCB7FA /* Embed Frameworks */ = {
			isa = PBXCopyFilesBuildPhase;
			buildActionMask = 2147483647;
			dstPath = "";
			dstSubfolderSpec = 10;
			files = (
				B2D3A7962415266600DCB7FA /* WeatherKit.framework in Embed Frameworks */,
			);
			name = "Embed Frameworks";
			runOnlyForDeploymentPostprocessing = 0;
		};
		B2D3A7D924152DF200DCB7FA /* Embed App Extensions */ = {
			isa = PBXCopyFilesBuildPhase;
			buildActionMask = 2147483647;
			dstPath = "";
			dstSubfolderSpec = 13;
			files = (
				B2D3A7D224152DF200DCB7FA /* CityWeatherIntent.appex in Embed App Extensions */,
			);
			name = "Embed App Extensions";
			runOnlyForDeploymentPostprocessing = 0;
		};
		B2D3A7DE24152E0B00DCB7FA /* Embed Frameworks */ = {
			isa = PBXCopyFilesBuildPhase;
			buildActionMask = 2147483647;
			dstPath = "";
			dstSubfolderSpec = 10;
			files = (
				B2D3A7DB24152E0B00DCB7FA /* WeatherKit.framework in Embed Frameworks */,
			);
			name = "Embed Frameworks";
			runOnlyForDeploymentPostprocessing = 0;
		};
/* End PBXCopyFilesBuildPhase section */

/* Begin PBXFileReference section */
		B28C1847241E6B7800D1EA3E /* Intents.framework */ = {isa = PBXFileReference; lastKnownFileType = wrapper.framework; name = Intents.framework; path = System/Library/Frameworks/Intents.framework; sourceTree = SDKROOT; };
		B29CD55024153AE200435990 /* WeatherViewController.swift */ = {isa = PBXFileReference; fileEncoding = 4; lastKnownFileType = sourcecode.swift; path = WeatherViewController.swift; sourceTree = "<group>"; };
		B29CD55124153AE200435990 /* CityTableViewController.swift */ = {isa = PBXFileReference; fileEncoding = 4; lastKnownFileType = sourcecode.swift; path = CityTableViewController.swift; sourceTree = "<group>"; };
		B29CD55E24154A4C00435990 /* Siri-Sample.entitlements */ = {isa = PBXFileReference; lastKnownFileType = text.plist.entitlements; path = "Siri-Sample.entitlements"; sourceTree = "<group>"; };
		B2D3A67624151FC800DCB7FA /* Siri-Sample.app */ = {isa = PBXFileReference; explicitFileType = wrapper.application; includeInIndex = 0; path = "Siri-Sample.app"; sourceTree = BUILT_PRODUCTS_DIR; };
		B2D3A67B24151FC800DCB7FA /* SceneDelegate.swift */ = {isa = PBXFileReference; lastKnownFileType = sourcecode.swift; path = SceneDelegate.swift; sourceTree = "<group>"; };
		B2D3A67D24151FC800DCB7FA /* ViewController.swift */ = {isa = PBXFileReference; lastKnownFileType = sourcecode.swift; path = ViewController.swift; sourceTree = "<group>"; };
		B2D3A68224151FCB00DCB7FA /* Assets.xcassets */ = {isa = PBXFileReference; lastKnownFileType = folder.assetcatalog; path = Assets.xcassets; sourceTree = "<group>"; };
		B2D3A7802415266600DCB7FA /* WeatherKit.framework */ = {isa = PBXFileReference; explicitFileType = wrapper.framework; includeInIndex = 0; path = WeatherKit.framework; sourceTree = BUILT_PRODUCTS_DIR; };
		B2D3A7822415266600DCB7FA /* WeatherKit.h */ = {isa = PBXFileReference; lastKnownFileType = sourcecode.c.h; path = WeatherKit.h; sourceTree = "<group>"; };
		B2D3A7832415266600DCB7FA /* Info.plist */ = {isa = PBXFileReference; lastKnownFileType = text.plist.xml; path = Info.plist; sourceTree = "<group>"; };
		B2D3A79E2415268000DCB7FA /* LocWeather.swift */ = {isa = PBXFileReference; fileEncoding = 4; lastKnownFileType = sourcecode.swift; path = LocWeather.swift; sourceTree = "<group>"; };
		B2D3A7A12415268700DCB7FA /* DHURLSessionMock.swift */ = {isa = PBXFileReference; fileEncoding = 4; lastKnownFileType = sourcecode.swift; path = DHURLSessionMock.swift; sourceTree = "<group>"; };
		B2D3A7A22415268700DCB7FA /* APIManager.swift */ = {isa = PBXFileReference; fileEncoding = 4; lastKnownFileType = sourcecode.swift; path = APIManager.swift; sourceTree = "<group>"; };
		B2D3A7A32415268700DCB7FA /* WeatherManager.swift */ = {isa = PBXFileReference; fileEncoding = 4; lastKnownFileType = sourcecode.swift; path = WeatherManager.swift; sourceTree = "<group>"; };
		B2D3A7A82415269000DCB7FA /* Constants.swift */ = {isa = PBXFileReference; fileEncoding = 4; lastKnownFileType = sourcecode.swift; path = Constants.swift; sourceTree = "<group>"; };
		B2D3A7A92415269000DCB7FA /* APIKeys.swift */ = {isa = PBXFileReference; fileEncoding = 4; lastKnownFileType = sourcecode.swift; path = APIKeys.swift; sourceTree = "<group>"; };
		B2D3A7BA24152DF200DCB7FA /* CityWeatherIntent.appex */ = {isa = PBXFileReference; explicitFileType = "wrapper.app-extension"; includeInIndex = 0; path = CityWeatherIntent.appex; sourceTree = BUILT_PRODUCTS_DIR; };
		B2D3A7BC24152DF200DCB7FA /* IntentHandler.swift */ = {isa = PBXFileReference; lastKnownFileType = sourcecode.swift; path = IntentHandler.swift; sourceTree = "<group>"; };
		B2D3A7BE24152DF200DCB7FA /* Info.plist */ = {isa = PBXFileReference; lastKnownFileType = text.plist.xml; path = Info.plist; sourceTree = "<group>"; };
		B2D3A7C424152DF200DCB7FA /* IntentsUI.framework */ = {isa = PBXFileReference; lastKnownFileType = wrapper.framework; name = IntentsUI.framework; path = System/Library/Frameworks/IntentsUI.framework; sourceTree = SDKROOT; };
		B2D3A7EA2415326200DCB7FA /* CityWeatherIntentHandler.swift */ = {isa = PBXFileReference; lastKnownFileType = sourcecode.swift; path = CityWeatherIntentHandler.swift; sourceTree = "<group>"; };
		B2D3A7ED2415334800DCB7FA /* Default-568h@2x.png */ = {isa = PBXFileReference; lastKnownFileType = image.png; path = "Default-568h@2x.png"; sourceTree = "<group>"; };
		B2DF527A241E76D100D9BEA3 /* Intents.intentdefinition */ = {isa = PBXFileReference; fileEncoding = 4; lastKnownFileType = file.intentdefinition; path = Intents.intentdefinition; sourceTree = "<group>"; };
		B2DF5288241E76FF00D9BEA3 /* Base */ = {isa = PBXFileReference; lastKnownFileType = file.storyboard; name = Base; path = Base.lproj/LaunchScreen.storyboard; sourceTree = "<group>"; };
		B2DF528A241E76FF00D9BEA3 /* Base */ = {isa = PBXFileReference; lastKnownFileType = file.storyboard; name = Base; path = Base.lproj/Main.storyboard; sourceTree = "<group>"; };
		B2DF528D241E780A00D9BEA3 /* Info.plist */ = {isa = PBXFileReference; fileEncoding = 4; lastKnownFileType = text.plist.xml; path = Info.plist; sourceTree = "<group>"; };
		B2DF5294241E78F600D9BEA3 /* AppDelegate.swift */ = {isa = PBXFileReference; fileEncoding = 4; lastKnownFileType = sourcecode.swift; path = AppDelegate.swift; sourceTree = "<group>"; };
/* End PBXFileReference section */

/* Begin PBXFrameworksBuildPhase section */
		B2D3A67324151FC800DCB7FA /* Frameworks */ = {
			isa = PBXFrameworksBuildPhase;
			buildActionMask = 2147483647;
			files = (
				B28C1848241E6B7800D1EA3E /* Intents.framework in Frameworks */,
				B28C1846241E6B7800D1EA3E /* IntentsUI.framework in Frameworks */,
				B2D3A7952415266600DCB7FA /* WeatherKit.framework in Frameworks */,
			);
			runOnlyForDeploymentPostprocessing = 0;
		};
		B2D3A77D2415266600DCB7FA /* Frameworks */ = {
			isa = PBXFrameworksBuildPhase;
			buildActionMask = 2147483647;
			files = (
			);
			runOnlyForDeploymentPostprocessing = 0;
		};
		B2D3A7B724152DF200DCB7FA /* Frameworks */ = {
			isa = PBXFrameworksBuildPhase;
			buildActionMask = 2147483647;
			files = (
				B2D3A7DA24152E0B00DCB7FA /* WeatherKit.framework in Frameworks */,
			);
			runOnlyForDeploymentPostprocessing = 0;
		};
/* End PBXFrameworksBuildPhase section */

/* Begin PBXGroup section */
		B29CD54F24153AE200435990 /* Controller */ = {
			isa = PBXGroup;
			children = (
				B29CD55024153AE200435990 /* WeatherViewController.swift */,
				B29CD55124153AE200435990 /* CityTableViewController.swift */,
			);
			path = Controller;
			sourceTree = "<group>";
		};
		B2D3A66D24151FC800DCB7FA = {
			isa = PBXGroup;
			children = (
				B2D3A7ED2415334800DCB7FA /* Default-568h@2x.png */,
				B2D3A67824151FC800DCB7FA /* Siri-Sample */,
				B2D3A7812415266600DCB7FA /* WeatherKit */,
				B2D3A7BB24152DF200DCB7FA /* CityWeatherIntent */,
				B2D3A67724151FC800DCB7FA /* Products */,
				B2D3A6BD241520EE00DCB7FA /* Frameworks */,
			);
			sourceTree = "<group>";
		};
		B2D3A67724151FC800DCB7FA /* Products */ = {
			isa = PBXGroup;
			children = (
				B2D3A67624151FC800DCB7FA /* Siri-Sample.app */,
				B2D3A7802415266600DCB7FA /* WeatherKit.framework */,
				B2D3A7BA24152DF200DCB7FA /* CityWeatherIntent.appex */,
			);
			name = Products;
			sourceTree = "<group>";
		};
		B2D3A67824151FC800DCB7FA /* Siri-Sample */ = {
			isa = PBXGroup;
			children = (
				B2DF5294241E78F600D9BEA3 /* AppDelegate.swift */,
				B2DF528D241E780A00D9BEA3 /* Info.plist */,
				B29CD55E24154A4C00435990 /* Siri-Sample.entitlements */,
				B2DF527A241E76D100D9BEA3 /* Intents.intentdefinition */,
				B2DF5287241E76FF00D9BEA3 /* LaunchScreen.storyboard */,
				B2DF5289241E76FF00D9BEA3 /* Main.storyboard */,
				B2D3A67B24151FC800DCB7FA /* SceneDelegate.swift */,
				B2D3A67D24151FC800DCB7FA /* ViewController.swift */,
				B29CD54F24153AE200435990 /* Controller */,
				B2D3A68224151FCB00DCB7FA /* Assets.xcassets */,
			);
			path = "Siri-Sample";
			sourceTree = "<group>";
		};
		B2D3A6BD241520EE00DCB7FA /* Frameworks */ = {
			isa = PBXGroup;
			children = (
				B28C1847241E6B7800D1EA3E /* Intents.framework */,
				B2D3A7C424152DF200DCB7FA /* IntentsUI.framework */,
			);
			name = Frameworks;
			sourceTree = "<group>";
		};
		B2D3A7812415266600DCB7FA /* WeatherKit */ = {
			isa = PBXGroup;
			children = (
				B2D3A7A72415269000DCB7FA /* Support */,
				B2D3A7A02415268700DCB7FA /* Services */,
				B2D3A79D2415268000DCB7FA /* Model */,
				B2D3A7822415266600DCB7FA /* WeatherKit.h */,
				B2D3A7832415266600DCB7FA /* Info.plist */,
			);
			path = WeatherKit;
			sourceTree = "<group>";
		};
		B2D3A79D2415268000DCB7FA /* Model */ = {
			isa = PBXGroup;
			children = (
				B2D3A79E2415268000DCB7FA /* LocWeather.swift */,
			);
			path = Model;
			sourceTree = "<group>";
		};
		B2D3A7A02415268700DCB7FA /* Services */ = {
			isa = PBXGroup;
			children = (
				B2D3A7A12415268700DCB7FA /* DHURLSessionMock.swift */,
				B2D3A7A22415268700DCB7FA /* APIManager.swift */,
				B2D3A7A32415268700DCB7FA /* WeatherManager.swift */,
			);
			path = Services;
			sourceTree = "<group>";
		};
		B2D3A7A72415269000DCB7FA /* Support */ = {
			isa = PBXGroup;
			children = (
				B2D3A7A82415269000DCB7FA /* Constants.swift */,
				B2D3A7A92415269000DCB7FA /* APIKeys.swift */,
			);
			name = Support;
			path = WeatherKit/Support;
			sourceTree = SOURCE_ROOT;
		};
		B2D3A7BB24152DF200DCB7FA /* CityWeatherIntent */ = {
			isa = PBXGroup;
			children = (
				B2D3A7BC24152DF200DCB7FA /* IntentHandler.swift */,
				B2D3A7BE24152DF200DCB7FA /* Info.plist */,
				B2D3A7EA2415326200DCB7FA /* CityWeatherIntentHandler.swift */,
			);
			path = CityWeatherIntent;
			sourceTree = "<group>";
		};
/* End PBXGroup section */

/* Begin PBXHeadersBuildPhase section */
		B2D3A77B2415266600DCB7FA /* Headers */ = {
			isa = PBXHeadersBuildPhase;
			buildActionMask = 2147483647;
			files = (
				B2D3A7922415266600DCB7FA /* WeatherKit.h in Headers */,
			);
			runOnlyForDeploymentPostprocessing = 0;
		};
/* End PBXHeadersBuildPhase section */

/* Begin PBXNativeTarget section */
		B2D3A67524151FC800DCB7FA /* Siri-Sample */ = {
			isa = PBXNativeTarget;
			buildConfigurationList = B2D3A6A024151FCC00DCB7FA /* Build configuration list for PBXNativeTarget "Siri-Sample" */;
			buildPhases = (
				B2D3A67224151FC800DCB7FA /* Sources */,
				B2D3A67324151FC800DCB7FA /* Frameworks */,
				B2D3A67424151FC800DCB7FA /* Resources */,
				B2D3A6E9241521DD00DCB7FA /* Embed Frameworks */,
				B2D3A7D924152DF200DCB7FA /* Embed App Extensions */,
			);
			buildRules = (
			);
			dependencies = (
				B2D3A7942415266600DCB7FA /* PBXTargetDependency */,
				B2D3A7D124152DF200DCB7FA /* PBXTargetDependency */,
			);
			name = "Siri-Sample";
			productName = "Siri-Sample";
			productReference = B2D3A67624151FC800DCB7FA /* Siri-Sample.app */;
			productType = "com.apple.product-type.application";
		};
		B2D3A77F2415266600DCB7FA /* WeatherKit */ = {
			isa = PBXNativeTarget;
			buildConfigurationList = B2D3A7972415266600DCB7FA /* Build configuration list for PBXNativeTarget "WeatherKit" */;
			buildPhases = (
				B2D3A77B2415266600DCB7FA /* Headers */,
				B2D3A77C2415266600DCB7FA /* Sources */,
				B2D3A77D2415266600DCB7FA /* Frameworks */,
				B2D3A77E2415266600DCB7FA /* Resources */,
			);
			buildRules = (
			);
			dependencies = (
			);
			name = WeatherKit;
			productName = WeatherKit;
			productReference = B2D3A7802415266600DCB7FA /* WeatherKit.framework */;
			productType = "com.apple.product-type.framework";
		};
		B2D3A7B924152DF200DCB7FA /* CityWeatherIntent */ = {
			isa = PBXNativeTarget;
			buildConfigurationList = B2D3A7D624152DF200DCB7FA /* Build configuration list for PBXNativeTarget "CityWeatherIntent" */;
			buildPhases = (
				B2D3A7B624152DF200DCB7FA /* Sources */,
				B2D3A7B724152DF200DCB7FA /* Frameworks */,
				B2D3A7B824152DF200DCB7FA /* Resources */,
				B2D3A7DE24152E0B00DCB7FA /* Embed Frameworks */,
			);
			buildRules = (
			);
			dependencies = (
				B2D3A7DD24152E0B00DCB7FA /* PBXTargetDependency */,
			);
			name = CityWeatherIntent;
			productName = CityWeatherIntent;
			productReference = B2D3A7BA24152DF200DCB7FA /* CityWeatherIntent.appex */;
			productType = "com.apple.product-type.app-extension";
		};
/* End PBXNativeTarget section */

/* Begin PBXProject section */
		B2D3A66E24151FC800DCB7FA /* Project object */ = {
			isa = PBXProject;
			attributes = {
				LastSwiftUpdateCheck = 1130;
				LastUpgradeCheck = 1130;
				ORGANIZATIONNAME = "박은비";
				TargetAttributes = {
					B2D3A67524151FC800DCB7FA = {
						CreatedOnToolsVersion = 11.3.1;
					};
					B2D3A77F2415266600DCB7FA = {
						CreatedOnToolsVersion = 11.3.1;
					};
					B2D3A7B924152DF200DCB7FA = {
						CreatedOnToolsVersion = 11.3.1;
					};
				};
			};
			buildConfigurationList = B2D3A67124151FC800DCB7FA /* Build configuration list for PBXProject "Siri-Sample" */;
			compatibilityVersion = "Xcode 9.3";
			developmentRegion = en;
			hasScannedForEncodings = 0;
			knownRegions = (
				en,
				Base,
			);
			mainGroup = B2D3A66D24151FC800DCB7FA;
			productRefGroup = B2D3A67724151FC800DCB7FA /* Products */;
			projectDirPath = "";
			projectRoot = "";
			targets = (
				B2D3A67524151FC800DCB7FA /* Siri-Sample */,
				B2D3A77F2415266600DCB7FA /* WeatherKit */,
				B2D3A7B924152DF200DCB7FA /* CityWeatherIntent */,
			);
		};
/* End PBXProject section */

/* Begin PBXResourcesBuildPhase section */
		B2D3A67424151FC800DCB7FA /* Resources */ = {
			isa = PBXResourcesBuildPhase;
			buildActionMask = 2147483647;
			files = (
				B2DF5290241E787C00D9BEA3 /* LaunchScreen.storyboard in Resources */,
				B2DF5291241E787C00D9BEA3 /* Main.storyboard in Resources */,
				B2D3A7EE2415334800DCB7FA /* Default-568h@2x.png in Resources */,
				B2D3A68324151FCB00DCB7FA /* Assets.xcassets in Resources */,
			);
			runOnlyForDeploymentPostprocessing = 0;
		};
		B2D3A77E2415266600DCB7FA /* Resources */ = {
			isa = PBXResourcesBuildPhase;
			buildActionMask = 2147483647;
			files = (
			);
			runOnlyForDeploymentPostprocessing = 0;
		};
		B2D3A7B824152DF200DCB7FA /* Resources */ = {
			isa = PBXResourcesBuildPhase;
			buildActionMask = 2147483647;
			files = (
			);
			runOnlyForDeploymentPostprocessing = 0;
		};
/* End PBXResourcesBuildPhase section */

/* Begin PBXSourcesBuildPhase section */
		B2D3A67224151FC800DCB7FA /* Sources */ = {
			isa = PBXSourcesBuildPhase;
			buildActionMask = 2147483647;
			files = (
				B2DF5295241E78F700D9BEA3 /* AppDelegate.swift in Sources */,
				B2DF527D241E76D200D9BEA3 /* Intents.intentdefinition in Sources */,
				B29CD55324153AE200435990 /* CityTableViewController.swift in Sources */,
				B2D3A67E24151FC800DCB7FA /* ViewController.swift in Sources */,
				B29CD55224153AE200435990 /* WeatherViewController.swift in Sources */,
				B2D3A67C24151FC800DCB7FA /* SceneDelegate.swift in Sources */,
			);
			runOnlyForDeploymentPostprocessing = 0;
		};
		B2D3A77C2415266600DCB7FA /* Sources */ = {
			isa = PBXSourcesBuildPhase;
			buildActionMask = 2147483647;
			files = (
				B2DF5292241E789C00D9BEA3 /* Intents.intentdefinition in Sources */,
				B2D3A7AB2415269000DCB7FA /* APIKeys.swift in Sources */,
				B2D3A7AA2415269000DCB7FA /* Constants.swift in Sources */,
				B2D3A7A52415268700DCB7FA /* APIManager.swift in Sources */,
				B2D3A7A42415268700DCB7FA /* DHURLSessionMock.swift in Sources */,
				B2D3A7A62415268700DCB7FA /* WeatherManager.swift in Sources */,
				B2D3A79F2415268000DCB7FA /* LocWeather.swift in Sources */,
			);
			runOnlyForDeploymentPostprocessing = 0;
		};
		B2D3A7B624152DF200DCB7FA /* Sources */ = {
			isa = PBXSourcesBuildPhase;
			buildActionMask = 2147483647;
			files = (
				B2DF5293241E789C00D9BEA3 /* Intents.intentdefinition in Sources */,
				B2D3A7EB2415326200DCB7FA /* CityWeatherIntentHandler.swift in Sources */,
				B2D3A7BD24152DF200DCB7FA /* IntentHandler.swift in Sources */,
			);
			runOnlyForDeploymentPostprocessing = 0;
		};
/* End PBXSourcesBuildPhase section */

/* Begin PBXTargetDependency section */
		B2D3A7942415266600DCB7FA /* PBXTargetDependency */ = {
			isa = PBXTargetDependency;
			target = B2D3A77F2415266600DCB7FA /* WeatherKit */;
			targetProxy = B2D3A7932415266600DCB7FA /* PBXContainerItemProxy */;
		};
		B2D3A7D124152DF200DCB7FA /* PBXTargetDependency */ = {
			isa = PBXTargetDependency;
			target = B2D3A7B924152DF200DCB7FA /* CityWeatherIntent */;
			targetProxy = B2D3A7D024152DF200DCB7FA /* PBXContainerItemProxy */;
		};
		B2D3A7DD24152E0B00DCB7FA /* PBXTargetDependency */ = {
			isa = PBXTargetDependency;
			target = B2D3A77F2415266600DCB7FA /* WeatherKit */;
			targetProxy = B2D3A7DC24152E0B00DCB7FA /* PBXContainerItemProxy */;
		};
/* End PBXTargetDependency section */

/* Begin PBXVariantGroup section */
		B2DF5287241E76FF00D9BEA3 /* LaunchScreen.storyboard */ = {
			isa = PBXVariantGroup;
			children = (
				B2DF5288241E76FF00D9BEA3 /* Base */,
			);
			name = LaunchScreen.storyboard;
			sourceTree = "<group>";
		};
		B2DF5289241E76FF00D9BEA3 /* Main.storyboard */ = {
			isa = PBXVariantGroup;
			children = (
				B2DF528A241E76FF00D9BEA3 /* Base */,
			);
			name = Main.storyboard;
			sourceTree = "<group>";
		};
/* End PBXVariantGroup section */

/* Begin XCBuildConfiguration section */
		B2D3A69E24151FCC00DCB7FA /* Debug */ = {
			isa = XCBuildConfiguration;
			buildSettings = {
				ALWAYS_SEARCH_USER_PATHS = NO;
				CLANG_ANALYZER_NONNULL = YES;
				CLANG_ANALYZER_NUMBER_OBJECT_CONVERSION = YES_AGGRESSIVE;
				CLANG_CXX_LANGUAGE_STANDARD = "gnu++14";
				CLANG_CXX_LIBRARY = "libc++";
				CLANG_ENABLE_MODULES = YES;
				CLANG_ENABLE_OBJC_ARC = YES;
				CLANG_ENABLE_OBJC_WEAK = YES;
				CLANG_WARN_BLOCK_CAPTURE_AUTORELEASING = YES;
				CLANG_WARN_BOOL_CONVERSION = YES;
				CLANG_WARN_COMMA = YES;
				CLANG_WARN_CONSTANT_CONVERSION = YES;
				CLANG_WARN_DEPRECATED_OBJC_IMPLEMENTATIONS = YES;
				CLANG_WARN_DIRECT_OBJC_ISA_USAGE = YES_ERROR;
				CLANG_WARN_DOCUMENTATION_COMMENTS = YES;
				CLANG_WARN_EMPTY_BODY = YES;
				CLANG_WARN_ENUM_CONVERSION = YES;
				CLANG_WARN_INFINITE_RECURSION = YES;
				CLANG_WARN_INT_CONVERSION = YES;
				CLANG_WARN_NON_LITERAL_NULL_CONVERSION = YES;
				CLANG_WARN_OBJC_IMPLICIT_RETAIN_SELF = YES;
				CLANG_WARN_OBJC_LITERAL_CONVERSION = YES;
				CLANG_WARN_OBJC_ROOT_CLASS = YES_ERROR;
				CLANG_WARN_RANGE_LOOP_ANALYSIS = YES;
				CLANG_WARN_STRICT_PROTOTYPES = YES;
				CLANG_WARN_SUSPICIOUS_MOVE = YES;
				CLANG_WARN_UNGUARDED_AVAILABILITY = YES_AGGRESSIVE;
				CLANG_WARN_UNREACHABLE_CODE = YES;
				CLANG_WARN__DUPLICATE_METHOD_MATCH = YES;
				COPY_PHASE_STRIP = NO;
				DEBUG_INFORMATION_FORMAT = dwarf;
				ENABLE_STRICT_OBJC_MSGSEND = YES;
				ENABLE_TESTABILITY = YES;
				GCC_C_LANGUAGE_STANDARD = gnu11;
				GCC_DYNAMIC_NO_PIC = NO;
				GCC_NO_COMMON_BLOCKS = YES;
				GCC_OPTIMIZATION_LEVEL = 0;
				GCC_PREPROCESSOR_DEFINITIONS = (
					"DEBUG=1",
					"$(inherited)",
				);
				GCC_WARN_64_TO_32_BIT_CONVERSION = YES;
				GCC_WARN_ABOUT_RETURN_TYPE = YES_ERROR;
				GCC_WARN_UNDECLARED_SELECTOR = YES;
				GCC_WARN_UNINITIALIZED_AUTOS = YES_AGGRESSIVE;
				GCC_WARN_UNUSED_FUNCTION = YES;
				GCC_WARN_UNUSED_VARIABLE = YES;
				IPHONEOS_DEPLOYMENT_TARGET = 13.2;
				MTL_ENABLE_DEBUG_INFO = INCLUDE_SOURCE;
				MTL_FAST_MATH = YES;
				ONLY_ACTIVE_ARCH = YES;
				SDKROOT = iphoneos;
				SWIFT_ACTIVE_COMPILATION_CONDITIONS = DEBUG;
				SWIFT_OPTIMIZATION_LEVEL = "-Onone";
			};
			name = Debug;
		};
		B2D3A69F24151FCC00DCB7FA /* Release */ = {
			isa = XCBuildConfiguration;
			buildSettings = {
				ALWAYS_SEARCH_USER_PATHS = NO;
				CLANG_ANALYZER_NONNULL = YES;
				CLANG_ANALYZER_NUMBER_OBJECT_CONVERSION = YES_AGGRESSIVE;
				CLANG_CXX_LANGUAGE_STANDARD = "gnu++14";
				CLANG_CXX_LIBRARY = "libc++";
				CLANG_ENABLE_MODULES = YES;
				CLANG_ENABLE_OBJC_ARC = YES;
				CLANG_ENABLE_OBJC_WEAK = YES;
				CLANG_WARN_BLOCK_CAPTURE_AUTORELEASING = YES;
				CLANG_WARN_BOOL_CONVERSION = YES;
				CLANG_WARN_COMMA = YES;
				CLANG_WARN_CONSTANT_CONVERSION = YES;
				CLANG_WARN_DEPRECATED_OBJC_IMPLEMENTATIONS = YES;
				CLANG_WARN_DIRECT_OBJC_ISA_USAGE = YES_ERROR;
				CLANG_WARN_DOCUMENTATION_COMMENTS = YES;
				CLANG_WARN_EMPTY_BODY = YES;
				CLANG_WARN_ENUM_CONVERSION = YES;
				CLANG_WARN_INFINITE_RECURSION = YES;
				CLANG_WARN_INT_CONVERSION = YES;
				CLANG_WARN_NON_LITERAL_NULL_CONVERSION = YES;
				CLANG_WARN_OBJC_IMPLICIT_RETAIN_SELF = YES;
				CLANG_WARN_OBJC_LITERAL_CONVERSION = YES;
				CLANG_WARN_OBJC_ROOT_CLASS = YES_ERROR;
				CLANG_WARN_RANGE_LOOP_ANALYSIS = YES;
				CLANG_WARN_STRICT_PROTOTYPES = YES;
				CLANG_WARN_SUSPICIOUS_MOVE = YES;
				CLANG_WARN_UNGUARDED_AVAILABILITY = YES_AGGRESSIVE;
				CLANG_WARN_UNREACHABLE_CODE = YES;
				CLANG_WARN__DUPLICATE_METHOD_MATCH = YES;
				COPY_PHASE_STRIP = NO;
				DEBUG_INFORMATION_FORMAT = "dwarf-with-dsym";
				ENABLE_NS_ASSERTIONS = NO;
				ENABLE_STRICT_OBJC_MSGSEND = YES;
				GCC_C_LANGUAGE_STANDARD = gnu11;
				GCC_NO_COMMON_BLOCKS = YES;
				GCC_WARN_64_TO_32_BIT_CONVERSION = YES;
				GCC_WARN_ABOUT_RETURN_TYPE = YES_ERROR;
				GCC_WARN_UNDECLARED_SELECTOR = YES;
				GCC_WARN_UNINITIALIZED_AUTOS = YES_AGGRESSIVE;
				GCC_WARN_UNUSED_FUNCTION = YES;
				GCC_WARN_UNUSED_VARIABLE = YES;
				IPHONEOS_DEPLOYMENT_TARGET = 13.2;
				MTL_ENABLE_DEBUG_INFO = NO;
				MTL_FAST_MATH = YES;
				SDKROOT = iphoneos;
				SWIFT_COMPILATION_MODE = wholemodule;
				SWIFT_OPTIMIZATION_LEVEL = "-O";
				VALIDATE_PRODUCT = YES;
			};
			name = Release;
		};
		B2D3A6A124151FCC00DCB7FA /* Debug */ = {
			isa = XCBuildConfiguration;
			buildSettings = {
				ALWAYS_EMBED_SWIFT_STANDARD_LIBRARIES = YES;
				ASSETCATALOG_COMPILER_APPICON_NAME = AppIcon;
				CODE_SIGN_ENTITLEMENTS = "Siri-Sample/Siri-Sample.entitlements";
				CODE_SIGN_STYLE = Automatic;
				DEVELOPMENT_TEAM = R97CE6VN7C;
				INFOPLIST_FILE = "Siri-Sample/Info.plist";
				LD_RUNPATH_SEARCH_PATHS = (
					"$(inherited)",
					"@executable_path/Frameworks",
				);
				PRODUCT_BUNDLE_IDENTIFIER = "com.test.Siri-Sample";
				PRODUCT_NAME = "$(TARGET_NAME)";
				SWIFT_VERSION = 5.0;
				TARGETED_DEVICE_FAMILY = "1,2";
			};
			name = Debug;
		};
		B2D3A6A224151FCC00DCB7FA /* Release */ = {
			isa = XCBuildConfiguration;
			buildSettings = {
				ALWAYS_EMBED_SWIFT_STANDARD_LIBRARIES = YES;
				ASSETCATALOG_COMPILER_APPICON_NAME = AppIcon;
				CODE_SIGN_ENTITLEMENTS = "Siri-Sample/Siri-Sample.entitlements";
				CODE_SIGN_STYLE = Automatic;
				DEVELOPMENT_TEAM = R97CE6VN7C;
				INFOPLIST_FILE = "Siri-Sample/Info.plist";
				LD_RUNPATH_SEARCH_PATHS = (
					"$(inherited)",
					"@executable_path/Frameworks",
				);
				PRODUCT_BUNDLE_IDENTIFIER = "com.test.Siri-Sample";
				PRODUCT_NAME = "$(TARGET_NAME)";
				SWIFT_VERSION = 5.0;
				TARGETED_DEVICE_FAMILY = "1,2";
			};
			name = Release;
		};
		B2D3A7982415266600DCB7FA /* Debug */ = {
			isa = XCBuildConfiguration;
			buildSettings = {
				CODE_SIGN_STYLE = Automatic;
				CURRENT_PROJECT_VERSION = 1;
				DEFINES_MODULE = YES;
				DEVELOPMENT_TEAM = R97CE6VN7C;
				DYLIB_COMPATIBILITY_VERSION = 1;
				DYLIB_CURRENT_VERSION = 1;
				DYLIB_INSTALL_NAME_BASE = "@rpath";
				INFOPLIST_FILE = WeatherKit/Info.plist;
				INSTALL_PATH = "$(LOCAL_LIBRARY_DIR)/Frameworks";
				LD_RUNPATH_SEARCH_PATHS = (
					"$(inherited)",
					"@executable_path/Frameworks",
					"@loader_path/Frameworks",
				);
				PRODUCT_BUNDLE_IDENTIFIER = "com.test.Siri-Sample.weatherKit";
				PRODUCT_NAME = "$(TARGET_NAME:c99extidentifier)";
				SKIP_INSTALL = YES;
				SWIFT_VERSION = 5.0;
				TARGETED_DEVICE_FAMILY = "1,2";
				VERSIONING_SYSTEM = "apple-generic";
				VERSION_INFO_PREFIX = "";
			};
			name = Debug;
		};
		B2D3A7992415266600DCB7FA /* Release */ = {
			isa = XCBuildConfiguration;
			buildSettings = {
				CODE_SIGN_STYLE = Automatic;
				CURRENT_PROJECT_VERSION = 1;
				DEFINES_MODULE = YES;
				DEVELOPMENT_TEAM = R97CE6VN7C;
				DYLIB_COMPATIBILITY_VERSION = 1;
				DYLIB_CURRENT_VERSION = 1;
				DYLIB_INSTALL_NAME_BASE = "@rpath";
				INFOPLIST_FILE = WeatherKit/Info.plist;
				INSTALL_PATH = "$(LOCAL_LIBRARY_DIR)/Frameworks";
				LD_RUNPATH_SEARCH_PATHS = (
					"$(inherited)",
					"@executable_path/Frameworks",
					"@loader_path/Frameworks",
				);
				PRODUCT_BUNDLE_IDENTIFIER = "com.test.Siri-Sample.weatherKit";
				PRODUCT_NAME = "$(TARGET_NAME:c99extidentifier)";
				SKIP_INSTALL = YES;
				SWIFT_VERSION = 5.0;
				TARGETED_DEVICE_FAMILY = "1,2";
				VERSIONING_SYSTEM = "apple-generic";
				VERSION_INFO_PREFIX = "";
			};
			name = Release;
		};
		B2D3A7D724152DF200DCB7FA /* Debug */ = {
			isa = XCBuildConfiguration;
			buildSettings = {
				CODE_SIGN_STYLE = Automatic;
				DEVELOPMENT_TEAM = R97CE6VN7C;
				INFOPLIST_FILE = CityWeatherIntent/Info.plist;
				LD_RUNPATH_SEARCH_PATHS = (
					"$(inherited)",
					"@executable_path/Frameworks",
					"@executable_path/../../Frameworks",
				);
				PRODUCT_BUNDLE_IDENTIFIER = "com.test.Siri-Sample.CityWeatherIntent";
				PRODUCT_NAME = "$(TARGET_NAME)";
				SKIP_INSTALL = YES;
				SWIFT_VERSION = 5.0;
				TARGETED_DEVICE_FAMILY = "1,2";
			};
			name = Debug;
		};
		B2D3A7D824152DF200DCB7FA /* Release */ = {
			isa = XCBuildConfiguration;
			buildSettings = {
				CODE_SIGN_STYLE = Automatic;
				DEVELOPMENT_TEAM = R97CE6VN7C;
				INFOPLIST_FILE = CityWeatherIntent/Info.plist;
				LD_RUNPATH_SEARCH_PATHS = (
					"$(inherited)",
					"@executable_path/Frameworks",
					"@executable_path/../../Frameworks",
				);
				PRODUCT_BUNDLE_IDENTIFIER = "com.test.Siri-Sample.CityWeatherIntent";
				PRODUCT_NAME = "$(TARGET_NAME)";
				SKIP_INSTALL = YES;
				SWIFT_VERSION = 5.0;
				TARGETED_DEVICE_FAMILY = "1,2";
			};
			name = Release;
		};
/* End XCBuildConfiguration section */

/* Begin XCConfigurationList section */
		B2D3A67124151FC800DCB7FA /* Build configuration list for PBXProject "Siri-Sample" */ = {
			isa = XCConfigurationList;
			buildConfigurations = (
				B2D3A69E24151FCC00DCB7FA /* Debug */,
				B2D3A69F24151FCC00DCB7FA /* Release */,
			);
			defaultConfigurationIsVisible = 0;
			defaultConfigurationName = Release;
		};
		B2D3A6A024151FCC00DCB7FA /* Build configuration list for PBXNativeTarget "Siri-Sample" */ = {
			isa = XCConfigurationList;
			buildConfigurations = (
				B2D3A6A124151FCC00DCB7FA /* Debug */,
				B2D3A6A224151FCC00DCB7FA /* Release */,
			);
			defaultConfigurationIsVisible = 0;
			defaultConfigurationName = Release;
		};
		B2D3A7972415266600DCB7FA /* Build configuration list for PBXNativeTarget "WeatherKit" */ = {
			isa = XCConfigurationList;
			buildConfigurations = (
				B2D3A7982415266600DCB7FA /* Debug */,
				B2D3A7992415266600DCB7FA /* Release */,
			);
			defaultConfigurationIsVisible = 0;
			defaultConfigurationName = Release;
		};
		B2D3A7D624152DF200DCB7FA /* Build configuration list for PBXNativeTarget "CityWeatherIntent" */ = {
			isa = XCConfigurationList;
			buildConfigurations = (
				B2D3A7D724152DF200DCB7FA /* Debug */,
				B2D3A7D824152DF200DCB7FA /* Release */,
			);
			defaultConfigurationIsVisible = 0;
			defaultConfigurationName = Release;
		};
/* End XCConfigurationList section */
	};
	rootObject = B2D3A66E24151FC800DCB7FA /* Project object */;
}
